
Microsoft Visual Studio Solution File, Format Version 12.00
# Visual Studio Version 16
VisualStudioVersion = 16.6.30114.105
MinimumVisualStudioVersion = 10.0.40219.1
Project("{9A19103F-16F7-4668-BE54-9A1E7A4F7556}") = "R5T.T0097", "R5T.T0097\R5T.T0097.csproj", "{41496D20-B594-4853-BC52-8352D30D3146}"
EndProject
Project("{2150E333-8FDC-42A3-9474-1A3956D46DE8}") = "_Dependencies", "_Dependencies", "{A4736E11-9BD1-4F2D-86D5-7A0EC74D82D9}"
EndProject
Project("{9A19103F-16F7-4668-BE54-9A1E7A4F7556}") = "R5T.T0094", "..\..\R5T.T0094\source\R5T.T0094\R5T.T0094.csproj", "{39B1F95B-A6DF-4983-B09E-09794DBC4093}"
EndProject
Project("{9A19103F-16F7-4668-BE54-9A1E7A4F7556}") = "R5T.T0096.X001", "..\..\R5T.T0096\source\R5T.T0096.X001\R5T.T0096.X001.csproj", "{7137BB21-C80D-41C9-98C9-9772F594A3F0}"
EndProject
Project("{9A19103F-16F7-4668-BE54-9A1E7A4F7556}") = "R5T.T0097.X002", "R5T.T0097.X002\R5T.T0097.X002.csproj", "{64C96562-5B2E-4FB5-9DB5-51ADD888F1BE}"
EndProject
Project("{9A19103F-16F7-4668-BE54-9A1E7A4F7556}") = "R5T.T0098", "..\..\R5T.T0098\source\R5T.T0098\R5T.T0098.csproj", "{090A6A4A-5711-421D-9CE1-CA43E157765B}"
EndProject
Project("{9A19103F-16F7-4668-BE54-9A1E7A4F7556}") = "R5T.T0093.X001", "..\..\R5T.T0093\source\R5T.T0093.X001\R5T.T0093.X001.csproj", "{7DA43D68-0937-4C58-942E-9CA766953CE1}"
EndProject
Project("{9A19103F-16F7-4668-BE54-9A1E7A4F7556}") = "R5T.T0044.X001", "..\..\R5T.T0044\source\R5T.T0044.X001\R5T.T0044.X001.csproj", "{96B672C7-53D3-4745-9CF9-F48E74367061}"
EndProject
Project("{9A19103F-16F7-4668-BE54-9A1E7A4F7556}") = "R5T.T0057.X002", "..\..\R5T.T0057\source\R5T.T0057.X002\R5T.T0057.X002.csproj", "{58395406-FE28-45B0-80E2-A001689FA76E}"
EndProject
Project("{9A19103F-16F7-4668-BE54-9A1E7A4F7556}") = "R5T.T0055.X001", "..\..\R5T.T0055\source\R5T.T0055.X001\R5T.T0055.X001.csproj", "{8BBD7CFD-2856-4A6F-AA83-95BF38C7F8BD}"
EndProject
Project("{9A19103F-16F7-4668-BE54-9A1E7A4F7556}") = "R5T.T0092", "..\..\R5T.T0092\source\R5T.T0092\R5T.T0092.csproj", "{A31352CB-AE0B-40F4-91A2-BB1A569C186A}"
EndProject
Project("{9A19103F-16F7-4668-BE54-9A1E7A4F7556}") = "R5T.T0093", "..\..\R5T.T0093\source\R5T.T0093\R5T.T0093.csproj", "{6B51B21E-D75F-4D9E-B3E9-16CE0972F801}"
EndProject
Project("{9A19103F-16F7-4668-BE54-9A1E7A4F7556}") = "R5T.T0096", "..\..\R5T.T0096\source\R5T.T0096\R5T.T0096.csproj", "{EB870F08-025D-4AC1-9E6B-CBD9358CAA73}"
EndProject
Project("{9A19103F-16F7-4668-BE54-9A1E7A4F7556}") = "R5T.T0039.T002", "..\..\R5T.T0039\source\R5T.T0039.T002\R5T.T0039.T002.csproj", "{EA29D3D2-0340-4255-B229-58886625B5AA}"
EndProject
Project("{9A19103F-16F7-4668-BE54-9A1E7A4F7556}") = "R5T.Magyar", "..\..\R5T.Magyar\source\R5T.Magyar\R5T.Magyar.csproj", "{A5018392-CF7A-46FD-8921-81E9CB9F0C54}"
EndProject
Project("{9A19103F-16F7-4668-BE54-9A1E7A4F7556}") = "R5T.T0044", "..\..\R5T.T0044\source\R5T.T0044\R5T.T0044.csproj", "{9669F5B2-B4D9-415E-AAF7-84FBB92A7249}"
EndProject
Project("{9A19103F-16F7-4668-BE54-9A1E7A4F7556}") = "R5T.T0055", "..\..\R5T.T0055\source\R5T.T0055\R5T.T0055.csproj", "{69B4F880-C0FF-4709-8D13-FD1FB4919FED}"
EndProject
Project("{9A19103F-16F7-4668-BE54-9A1E7A4F7556}") = "R5T.T0042.X001", "..\..\R5T.T0042\source\R5T.T0042.X001\R5T.T0042.X001.csproj", "{BC611BBF-CA32-4756-8C18-B191EE0D4D16}"
EndProject
Project("{9A19103F-16F7-4668-BE54-9A1E7A4F7556}") = "R5T.T0042", "..\..\R5T.T0042\source\R5T.T0042\R5T.T0042.csproj", "{AEBA4DFE-2297-4C4C-82CE-3C43D90B939B}"
EndProject
Project("{9A19103F-16F7-4668-BE54-9A1E7A4F7556}") = "R5T.T0057", "..\..\R5T.T0057\source\R5T.T0057\R5T.T0057.csproj", "{C0ADBF16-3F54-4F80-B6BC-B41440F38A11}"
EndProject
Project("{9A19103F-16F7-4668-BE54-9A1E7A4F7556}") = "R5T.T0060", "..\..\R5T.T0060\source\R5T.T0060\R5T.T0060.csproj", "{5B6C6CD9-839C-45B0-BBF9-630B294E80F5}"
EndProject
Global
	GlobalSection(SolutionConfigurationPlatforms) = preSolution
		Debug|Any CPU = Debug|Any CPU
		Debug|x64 = Debug|x64
		Debug|x86 = Debug|x86
		Release|Any CPU = Release|Any CPU
		Release|x64 = Release|x64
		Release|x86 = Release|x86
	EndGlobalSection
	GlobalSection(ProjectConfigurationPlatforms) = postSolution
		{41496D20-B594-4853-BC52-8352D30D3146}.Debug|Any CPU.ActiveCfg = Debug|Any CPU
		{41496D20-B594-4853-BC52-8352D30D3146}.Debug|Any CPU.Build.0 = Debug|Any CPU
		{41496D20-B594-4853-BC52-8352D30D3146}.Debug|x64.ActiveCfg = Debug|Any CPU
		{41496D20-B594-4853-BC52-8352D30D3146}.Debug|x64.Build.0 = Debug|Any CPU
		{41496D20-B594-4853-BC52-8352D30D3146}.Debug|x86.ActiveCfg = Debug|Any CPU
		{41496D20-B594-4853-BC52-8352D30D3146}.Debug|x86.Build.0 = Debug|Any CPU
		{41496D20-B594-4853-BC52-8352D30D3146}.Release|Any CPU.ActiveCfg = Release|Any CPU
		{41496D20-B594-4853-BC52-8352D30D3146}.Release|Any CPU.Build.0 = Release|Any CPU
		{41496D20-B594-4853-BC52-8352D30D3146}.Release|x64.ActiveCfg = Release|Any CPU
		{41496D20-B594-4853-BC52-8352D30D3146}.Release|x64.Build.0 = Release|Any CPU
		{41496D20-B594-4853-BC52-8352D30D3146}.Release|x86.ActiveCfg = Release|Any CPU
		{41496D20-B594-4853-BC52-8352D30D3146}.Release|x86.Build.0 = Release|Any CPU
		{39B1F95B-A6DF-4983-B09E-09794DBC4093}.Debug|Any CPU.ActiveCfg = Debug|Any CPU
		{39B1F95B-A6DF-4983-B09E-09794DBC4093}.Debug|Any CPU.Build.0 = Debug|Any CPU
		{39B1F95B-A6DF-4983-B09E-09794DBC4093}.Debug|x64.ActiveCfg = Debug|Any CPU
		{39B1F95B-A6DF-4983-B09E-09794DBC4093}.Debug|x64.Build.0 = Debug|Any CPU
		{39B1F95B-A6DF-4983-B09E-09794DBC4093}.Debug|x86.ActiveCfg = Debug|Any CPU
		{39B1F95B-A6DF-4983-B09E-09794DBC4093}.Debug|x86.Build.0 = Debug|Any CPU
		{39B1F95B-A6DF-4983-B09E-09794DBC4093}.Release|Any CPU.ActiveCfg = Release|Any CPU
		{39B1F95B-A6DF-4983-B09E-09794DBC4093}.Release|Any CPU.Build.0 = Release|Any CPU
		{39B1F95B-A6DF-4983-B09E-09794DBC4093}.Release|x64.ActiveCfg = Release|Any CPU
		{39B1F95B-A6DF-4983-B09E-09794DBC4093}.Release|x64.Build.0 = Release|Any CPU
		{39B1F95B-A6DF-4983-B09E-09794DBC4093}.Release|x86.ActiveCfg = Release|Any CPU
		{39B1F95B-A6DF-4983-B09E-09794DBC4093}.Release|x86.Build.0 = Release|Any CPU
		{7137BB21-C80D-41C9-98C9-9772F594A3F0}.Debug|Any CPU.ActiveCfg = Debug|Any CPU
		{7137BB21-C80D-41C9-98C9-9772F594A3F0}.Debug|Any CPU.Build.0 = Debug|Any CPU
		{7137BB21-C80D-41C9-98C9-9772F594A3F0}.Debug|x64.ActiveCfg = Debug|Any CPU
		{7137BB21-C80D-41C9-98C9-9772F594A3F0}.Debug|x64.Build.0 = Debug|Any CPU
		{7137BB21-C80D-41C9-98C9-9772F594A3F0}.Debug|x86.ActiveCfg = Debug|Any CPU
		{7137BB21-C80D-41C9-98C9-9772F594A3F0}.Debug|x86.Build.0 = Debug|Any CPU
		{7137BB21-C80D-41C9-98C9-9772F594A3F0}.Release|Any CPU.ActiveCfg = Release|Any CPU
		{7137BB21-C80D-41C9-98C9-9772F594A3F0}.Release|Any CPU.Build.0 = Release|Any CPU
		{7137BB21-C80D-41C9-98C9-9772F594A3F0}.Release|x64.ActiveCfg = Release|Any CPU
		{7137BB21-C80D-41C9-98C9-9772F594A3F0}.Release|x64.Build.0 = Release|Any CPU
		{7137BB21-C80D-41C9-98C9-9772F594A3F0}.Release|x86.ActiveCfg = Release|Any CPU
		{7137BB21-C80D-41C9-98C9-9772F594A3F0}.Release|x86.Build.0 = Release|Any CPU
		{64C96562-5B2E-4FB5-9DB5-51ADD888F1BE}.Debug|Any CPU.ActiveCfg = Debug|Any CPU
		{64C96562-5B2E-4FB5-9DB5-51ADD888F1BE}.Debug|Any CPU.Build.0 = Debug|Any CPU
		{64C96562-5B2E-4FB5-9DB5-51ADD888F1BE}.Debug|x64.ActiveCfg = Debug|Any CPU
		{64C96562-5B2E-4FB5-9DB5-51ADD888F1BE}.Debug|x64.Build.0 = Debug|Any CPU
		{64C96562-5B2E-4FB5-9DB5-51ADD888F1BE}.Debug|x86.ActiveCfg = Debug|Any CPU
		{64C96562-5B2E-4FB5-9DB5-51ADD888F1BE}.Debug|x86.Build.0 = Debug|Any CPU
		{64C96562-5B2E-4FB5-9DB5-51ADD888F1BE}.Release|Any CPU.ActiveCfg = Release|Any CPU
		{64C96562-5B2E-4FB5-9DB5-51ADD888F1BE}.Release|Any CPU.Build.0 = Release|Any CPU
		{64C96562-5B2E-4FB5-9DB5-51ADD888F1BE}.Release|x64.ActiveCfg = Release|Any CPU
		{64C96562-5B2E-4FB5-9DB5-51ADD888F1BE}.Release|x64.Build.0 = Release|Any CPU
		{64C96562-5B2E-4FB5-9DB5-51ADD888F1BE}.Release|x86.ActiveCfg = Release|Any CPU
		{64C96562-5B2E-4FB5-9DB5-51ADD888F1BE}.Release|x86.Build.0 = Release|Any CPU
		{090A6A4A-5711-421D-9CE1-CA43E157765B}.Debug|Any CPU.ActiveCfg = Debug|Any CPU
		{090A6A4A-5711-421D-9CE1-CA43E157765B}.Debug|Any CPU.Build.0 = Debug|Any CPU
		{090A6A4A-5711-421D-9CE1-CA43E157765B}.Debug|x64.ActiveCfg = Debug|Any CPU
		{090A6A4A-5711-421D-9CE1-CA43E157765B}.Debug|x64.Build.0 = Debug|Any CPU
		{090A6A4A-5711-421D-9CE1-CA43E157765B}.Debug|x86.ActiveCfg = Debug|Any CPU
		{090A6A4A-5711-421D-9CE1-CA43E157765B}.Debug|x86.Build.0 = Debug|Any CPU
		{090A6A4A-5711-421D-9CE1-CA43E157765B}.Release|Any CPU.ActiveCfg = Release|Any CPU
		{090A6A4A-5711-421D-9CE1-CA43E157765B}.Release|Any CPU.Build.0 = Release|Any CPU
		{090A6A4A-5711-421D-9CE1-CA43E157765B}.Release|x64.ActiveCfg = Release|Any CPU
		{090A6A4A-5711-421D-9CE1-CA43E157765B}.Release|x64.Build.0 = Release|Any CPU
		{090A6A4A-5711-421D-9CE1-CA43E157765B}.Release|x86.ActiveCfg = Release|Any CPU
		{090A6A4A-5711-421D-9CE1-CA43E157765B}.Release|x86.Build.0 = Release|Any CPU
		{7DA43D68-0937-4C58-942E-9CA766953CE1}.Debug|Any CPU.ActiveCfg = Debug|Any CPU
		{7DA43D68-0937-4C58-942E-9CA766953CE1}.Debug|Any CPU.Build.0 = Debug|Any CPU
		{7DA43D68-0937-4C58-942E-9CA766953CE1}.Debug|x64.ActiveCfg = Debug|Any CPU
		{7DA43D68-0937-4C58-942E-9CA766953CE1}.Debug|x64.Build.0 = Debug|Any CPU
		{7DA43D68-0937-4C58-942E-9CA766953CE1}.Debug|x86.ActiveCfg = Debug|Any CPU
		{7DA43D68-0937-4C58-942E-9CA766953CE1}.Debug|x86.Build.0 = Debug|Any CPU
		{7DA43D68-0937-4C58-942E-9CA766953CE1}.Release|Any CPU.ActiveCfg = Release|Any CPU
		{7DA43D68-0937-4C58-942E-9CA766953CE1}.Release|Any CPU.Build.0 = Release|Any CPU
		{7DA43D68-0937-4C58-942E-9CA766953CE1}.Release|x64.ActiveCfg = Release|Any CPU
		{7DA43D68-0937-4C58-942E-9CA766953CE1}.Release|x64.Build.0 = Release|Any CPU
		{7DA43D68-0937-4C58-942E-9CA766953CE1}.Release|x86.ActiveCfg = Release|Any CPU
		{7DA43D68-0937-4C58-942E-9CA766953CE1}.Release|x86.Build.0 = Release|Any CPU
		{96B672C7-53D3-4745-9CF9-F48E74367061}.Debug|Any CPU.ActiveCfg = Debug|Any CPU
		{96B672C7-53D3-4745-9CF9-F48E74367061}.Debug|Any CPU.Build.0 = Debug|Any CPU
		{96B672C7-53D3-4745-9CF9-F48E74367061}.Debug|x64.ActiveCfg = Debug|Any CPU
		{96B672C7-53D3-4745-9CF9-F48E74367061}.Debug|x64.Build.0 = Debug|Any CPU
		{96B672C7-53D3-4745-9CF9-F48E74367061}.Debug|x86.ActiveCfg = Debug|Any CPU
		{96B672C7-53D3-4745-9CF9-F48E74367061}.Debug|x86.Build.0 = Debug|Any CPU
		{96B672C7-53D3-4745-9CF9-F48E74367061}.Release|Any CPU.ActiveCfg = Release|Any CPU
		{96B672C7-53D3-4745-9CF9-F48E74367061}.Release|Any CPU.Build.0 = Release|Any CPU
		{96B672C7-53D3-4745-9CF9-F48E74367061}.Release|x64.ActiveCfg = Release|Any CPU
		{96B672C7-53D3-4745-9CF9-F48E74367061}.Release|x64.Build.0 = Release|Any CPU
		{96B672C7-53D3-4745-9CF9-F48E74367061}.Release|x86.ActiveCfg = Release|Any CPU
		{96B672C7-53D3-4745-9CF9-F48E74367061}.Release|x86.Build.0 = Release|Any CPU
		{58395406-FE28-45B0-80E2-A001689FA76E}.Debug|Any CPU.ActiveCfg = Debug|Any CPU
		{58395406-FE28-45B0-80E2-A001689FA76E}.Debug|Any CPU.Build.0 = Debug|Any CPU
		{58395406-FE28-45B0-80E2-A001689FA76E}.Debug|x64.ActiveCfg = Debug|Any CPU
		{58395406-FE28-45B0-80E2-A001689FA76E}.Debug|x64.Build.0 = Debug|Any CPU
		{58395406-FE28-45B0-80E2-A001689FA76E}.Debug|x86.ActiveCfg = Debug|Any CPU
		{58395406-FE28-45B0-80E2-A001689FA76E}.Debug|x86.Build.0 = Debug|Any CPU
		{58395406-FE28-45B0-80E2-A001689FA76E}.Release|Any CPU.ActiveCfg = Release|Any CPU
		{58395406-FE28-45B0-80E2-A001689FA76E}.Release|Any CPU.Build.0 = Release|Any CPU
		{58395406-FE28-45B0-80E2-A001689FA76E}.Release|x64.ActiveCfg = Release|Any CPU
		{58395406-FE28-45B0-80E2-A001689FA76E}.Release|x64.Build.0 = Release|Any CPU
		{58395406-FE28-45B0-80E2-A001689FA76E}.Release|x86.ActiveCfg = Release|Any CPU
		{58395406-FE28-45B0-80E2-A001689FA76E}.Release|x86.Build.0 = Release|Any CPU
		{8BBD7CFD-2856-4A6F-AA83-95BF38C7F8BD}.Debug|Any CPU.ActiveCfg = Debug|Any CPU
		{8BBD7CFD-2856-4A6F-AA83-95BF38C7F8BD}.Debug|Any CPU.Build.0 = Debug|Any CPU
		{8BBD7CFD-2856-4A6F-AA83-95BF38C7F8BD}.Debug|x64.ActiveCfg = Debug|Any CPU
		{8BBD7CFD-2856-4A6F-AA83-95BF38C7F8BD}.Debug|x64.Build.0 = Debug|Any CPU
		{8BBD7CFD-2856-4A6F-AA83-95BF38C7F8BD}.Debug|x86.ActiveCfg = Debug|Any CPU
		{8BBD7CFD-2856-4A6F-AA83-95BF38C7F8BD}.Debug|x86.Build.0 = Debug|Any CPU
		{8BBD7CFD-2856-4A6F-AA83-95BF38C7F8BD}.Release|Any CPU.ActiveCfg = Release|Any CPU
		{8BBD7CFD-2856-4A6F-AA83-95BF38C7F8BD}.Release|Any CPU.Build.0 = Release|Any CPU
		{8BBD7CFD-2856-4A6F-AA83-95BF38C7F8BD}.Release|x64.ActiveCfg = Release|Any CPU
		{8BBD7CFD-2856-4A6F-AA83-95BF38C7F8BD}.Release|x64.Build.0 = Release|Any CPU
		{8BBD7CFD-2856-4A6F-AA83-95BF38C7F8BD}.Release|x86.ActiveCfg = Release|Any CPU
		{8BBD7CFD-2856-4A6F-AA83-95BF38C7F8BD}.Release|x86.Build.0 = Release|Any CPU
		{A31352CB-AE0B-40F4-91A2-BB1A569C186A}.Debug|Any CPU.ActiveCfg = Debug|Any CPU
		{A31352CB-AE0B-40F4-91A2-BB1A569C186A}.Debug|Any CPU.Build.0 = Debug|Any CPU
		{A31352CB-AE0B-40F4-91A2-BB1A569C186A}.Debug|x64.ActiveCfg = Debug|Any CPU
		{A31352CB-AE0B-40F4-91A2-BB1A569C186A}.Debug|x64.Build.0 = Debug|Any CPU
		{A31352CB-AE0B-40F4-91A2-BB1A569C186A}.Debug|x86.ActiveCfg = Debug|Any CPU
		{A31352CB-AE0B-40F4-91A2-BB1A569C186A}.Debug|x86.Build.0 = Debug|Any CPU
		{A31352CB-AE0B-40F4-91A2-BB1A569C186A}.Release|Any CPU.ActiveCfg = Release|Any CPU
		{A31352CB-AE0B-40F4-91A2-BB1A569C186A}.Release|Any CPU.Build.0 = Release|Any CPU
		{A31352CB-AE0B-40F4-91A2-BB1A569C186A}.Release|x64.ActiveCfg = Release|Any CPU
		{A31352CB-AE0B-40F4-91A2-BB1A569C186A}.Release|x64.Build.0 = Release|Any CPU
		{A31352CB-AE0B-40F4-91A2-BB1A569C186A}.Release|x86.ActiveCfg = Release|Any CPU
		{A31352CB-AE0B-40F4-91A2-BB1A569C186A}.Release|x86.Build.0 = Release|Any CPU
		{6B51B21E-D75F-4D9E-B3E9-16CE0972F801}.Debug|Any CPU.ActiveCfg = Debug|Any CPU
		{6B51B21E-D75F-4D9E-B3E9-16CE0972F801}.Debug|Any CPU.Build.0 = Debug|Any CPU
		{6B51B21E-D75F-4D9E-B3E9-16CE0972F801}.Debug|x64.ActiveCfg = Debug|Any CPU
		{6B51B21E-D75F-4D9E-B3E9-16CE0972F801}.Debug|x64.Build.0 = Debug|Any CPU
		{6B51B21E-D75F-4D9E-B3E9-16CE0972F801}.Debug|x86.ActiveCfg = Debug|Any CPU
		{6B51B21E-D75F-4D9E-B3E9-16CE0972F801}.Debug|x86.Build.0 = Debug|Any CPU
		{6B51B21E-D75F-4D9E-B3E9-16CE0972F801}.Release|Any CPU.ActiveCfg = Release|Any CPU
		{6B51B21E-D75F-4D9E-B3E9-16CE0972F801}.Release|Any CPU.Build.0 = Release|Any CPU
		{6B51B21E-D75F-4D9E-B3E9-16CE0972F801}.Release|x64.ActiveCfg = Release|Any CPU
		{6B51B21E-D75F-4D9E-B3E9-16CE0972F801}.Release|x64.Build.0 = Release|Any CPU
		{6B51B21E-D75F-4D9E-B3E9-16CE0972F801}.Release|x86.ActiveCfg = Release|Any CPU
		{6B51B21E-D75F-4D9E-B3E9-16CE0972F801}.Release|x86.Build.0 = Release|Any CPU
		{EB870F08-025D-4AC1-9E6B-CBD9358CAA73}.Debug|Any CPU.ActiveCfg = Debug|Any CPU
		{EB870F08-025D-4AC1-9E6B-CBD9358CAA73}.Debug|Any CPU.Build.0 = Debug|Any CPU
		{EB870F08-025D-4AC1-9E6B-CBD9358CAA73}.Debug|x64.ActiveCfg = Debug|Any CPU
		{EB870F08-025D-4AC1-9E6B-CBD9358CAA73}.Debug|x64.Build.0 = Debug|Any CPU
		{EB870F08-025D-4AC1-9E6B-CBD9358CAA73}.Debug|x86.ActiveCfg = Debug|Any CPU
		{EB870F08-025D-4AC1-9E6B-CBD9358CAA73}.Debug|x86.Build.0 = Debug|Any CPU
		{EB870F08-025D-4AC1-9E6B-CBD9358CAA73}.Release|Any CPU.ActiveCfg = Release|Any CPU
		{EB870F08-025D-4AC1-9E6B-CBD9358CAA73}.Release|Any CPU.Build.0 = Release|Any CPU
		{EB870F08-025D-4AC1-9E6B-CBD9358CAA73}.Release|x64.ActiveCfg = Release|Any CPU
		{EB870F08-025D-4AC1-9E6B-CBD9358CAA73}.Release|x64.Build.0 = Release|Any CPU
		{EB870F08-025D-4AC1-9E6B-CBD9358CAA73}.Release|x86.ActiveCfg = Release|Any CPU
		{EB870F08-025D-4AC1-9E6B-CBD9358CAA73}.Release|x86.Build.0 = Release|Any CPU
		{EA29D3D2-0340-4255-B229-58886625B5AA}.Debug|Any CPU.ActiveCfg = Debug|Any CPU
		{EA29D3D2-0340-4255-B229-58886625B5AA}.Debug|Any CPU.Build.0 = Debug|Any CPU
		{EA29D3D2-0340-4255-B229-58886625B5AA}.Debug|x64.ActiveCfg = Debug|Any CPU
		{EA29D3D2-0340-4255-B229-58886625B5AA}.Debug|x64.Build.0 = Debug|Any CPU
		{EA29D3D2-0340-4255-B229-58886625B5AA}.Debug|x86.ActiveCfg = Debug|Any CPU
		{EA29D3D2-0340-4255-B229-58886625B5AA}.Debug|x86.Build.0 = Debug|Any CPU
		{EA29D3D2-0340-4255-B229-58886625B5AA}.Release|Any CPU.ActiveCfg = Release|Any CPU
		{EA29D3D2-0340-4255-B229-58886625B5AA}.Release|Any CPU.Build.0 = Release|Any CPU
		{EA29D3D2-0340-4255-B229-58886625B5AA}.Release|x64.ActiveCfg = Release|Any CPU
		{EA29D3D2-0340-4255-B229-58886625B5AA}.Release|x64.Build.0 = Release|Any CPU
		{EA29D3D2-0340-4255-B229-58886625B5AA}.Release|x86.ActiveCfg = Release|Any CPU
		{EA29D3D2-0340-4255-B229-58886625B5AA}.Release|x86.Build.0 = Release|Any CPU
		{A5018392-CF7A-46FD-8921-81E9CB9F0C54}.Debug|Any CPU.ActiveCfg = Debug|Any CPU
		{A5018392-CF7A-46FD-8921-81E9CB9F0C54}.Debug|Any CPU.Build.0 = Debug|Any CPU
		{A5018392-CF7A-46FD-8921-81E9CB9F0C54}.Debug|x64.ActiveCfg = Debug|Any CPU
		{A5018392-CF7A-46FD-8921-81E9CB9F0C54}.Debug|x64.Build.0 = Debug|Any CPU
		{A5018392-CF7A-46FD-8921-81E9CB9F0C54}.Debug|x86.ActiveCfg = Debug|Any CPU
		{A5018392-CF7A-46FD-8921-81E9CB9F0C54}.Debug|x86.Build.0 = Debug|Any CPU
		{A5018392-CF7A-46FD-8921-81E9CB9F0C54}.Release|Any CPU.ActiveCfg = Release|Any CPU
		{A5018392-CF7A-46FD-8921-81E9CB9F0C54}.Release|Any CPU.Build.0 = Release|Any CPU
		{A5018392-CF7A-46FD-8921-81E9CB9F0C54}.Release|x64.ActiveCfg = Release|Any CPU
		{A5018392-CF7A-46FD-8921-81E9CB9F0C54}.Release|x64.Build.0 = Release|Any CPU
		{A5018392-CF7A-46FD-8921-81E9CB9F0C54}.Release|x86.ActiveCfg = Release|Any CPU
		{A5018392-CF7A-46FD-8921-81E9CB9F0C54}.Release|x86.Build.0 = Release|Any CPU
		{9669F5B2-B4D9-415E-AAF7-84FBB92A7249}.Debug|Any CPU.ActiveCfg = Debug|Any CPU
		{9669F5B2-B4D9-415E-AAF7-84FBB92A7249}.Debug|Any CPU.Build.0 = Debug|Any CPU
		{9669F5B2-B4D9-415E-AAF7-84FBB92A7249}.Debug|x64.ActiveCfg = Debug|Any CPU
		{9669F5B2-B4D9-415E-AAF7-84FBB92A7249}.Debug|x64.Build.0 = Debug|Any CPU
		{9669F5B2-B4D9-415E-AAF7-84FBB92A7249}.Debug|x86.ActiveCfg = Debug|Any CPU
		{9669F5B2-B4D9-415E-AAF7-84FBB92A7249}.Debug|x86.Build.0 = Debug|Any CPU
		{9669F5B2-B4D9-415E-AAF7-84FBB92A7249}.Release|Any CPU.ActiveCfg = Release|Any CPU
		{9669F5B2-B4D9-415E-AAF7-84FBB92A7249}.Release|Any CPU.Build.0 = Release|Any CPU
		{9669F5B2-B4D9-415E-AAF7-84FBB92A7249}.Release|x64.ActiveCfg = Release|Any CPU
		{9669F5B2-B4D9-415E-AAF7-84FBB92A7249}.Release|x64.Build.0 = Release|Any CPU
		{9669F5B2-B4D9-415E-AAF7-84FBB92A7249}.Release|x86.ActiveCfg = Release|Any CPU
		{9669F5B2-B4D9-415E-AAF7-84FBB92A7249}.Release|x86.Build.0 = Release|Any CPU
		{69B4F880-C0FF-4709-8D13-FD1FB4919FED}.Debug|Any CPU.ActiveCfg = Debug|Any CPU
		{69B4F880-C0FF-4709-8D13-FD1FB4919FED}.Debug|Any CPU.Build.0 = Debug|Any CPU
		{69B4F880-C0FF-4709-8D13-FD1FB4919FED}.Debug|x64.ActiveCfg = Debug|Any CPU
		{69B4F880-C0FF-4709-8D13-FD1FB4919FED}.Debug|x64.Build.0 = Debug|Any CPU
		{69B4F880-C0FF-4709-8D13-FD1FB4919FED}.Debug|x86.ActiveCfg = Debug|Any CPU
		{69B4F880-C0FF-4709-8D13-FD1FB4919FED}.Debug|x86.Build.0 = Debug|Any CPU
		{69B4F880-C0FF-4709-8D13-FD1FB4919FED}.Release|Any CPU.ActiveCfg = Release|Any CPU
		{69B4F880-C0FF-4709-8D13-FD1FB4919FED}.Release|Any CPU.Build.0 = Release|Any CPU
		{69B4F880-C0FF-4709-8D13-FD1FB4919FED}.Release|x64.ActiveCfg = Release|Any CPU
		{69B4F880-C0FF-4709-8D13-FD1FB4919FED}.Release|x64.Build.0 = Release|Any CPU
		{69B4F880-C0FF-4709-8D13-FD1FB4919FED}.Release|x86.ActiveCfg = Release|Any CPU
		{69B4F880-C0FF-4709-8D13-FD1FB4919FED}.Release|x86.Build.0 = Release|Any CPU
		{BC611BBF-CA32-4756-8C18-B191EE0D4D16}.Debug|Any CPU.ActiveCfg = Debug|Any CPU
		{BC611BBF-CA32-4756-8C18-B191EE0D4D16}.Debug|Any CPU.Build.0 = Debug|Any CPU
		{BC611BBF-CA32-4756-8C18-B191EE0D4D16}.Debug|x64.ActiveCfg = Debug|Any CPU
		{BC611BBF-CA32-4756-8C18-B191EE0D4D16}.Debug|x64.Build.0 = Debug|Any CPU
		{BC611BBF-CA32-4756-8C18-B191EE0D4D16}.Debug|x86.ActiveCfg = Debug|Any CPU
		{BC611BBF-CA32-4756-8C18-B191EE0D4D16}.Debug|x86.Build.0 = Debug|Any CPU
		{BC611BBF-CA32-4756-8C18-B191EE0D4D16}.Release|Any CPU.ActiveCfg = Release|Any CPU
		{BC611BBF-CA32-4756-8C18-B191EE0D4D16}.Release|Any CPU.Build.0 = Release|Any CPU
		{BC611BBF-CA32-4756-8C18-B191EE0D4D16}.Release|x64.ActiveCfg = Release|Any CPU
		{BC611BBF-CA32-4756-8C18-B191EE0D4D16}.Release|x64.Build.0 = Release|Any CPU
		{BC611BBF-CA32-4756-8C18-B191EE0D4D16}.Release|x86.ActiveCfg = Release|Any CPU
		{BC611BBF-CA32-4756-8C18-B191EE0D4D16}.Release|x86.Build.0 = Release|Any CPU
		{AEBA4DFE-2297-4C4C-82CE-3C43D90B939B}.Debug|Any CPU.ActiveCfg = Debug|Any CPU
		{AEBA4DFE-2297-4C4C-82CE-3C43D90B939B}.Debug|Any CPU.Build.0 = Debug|Any CPU
		{AEBA4DFE-2297-4C4C-82CE-3C43D90B939B}.Debug|x64.ActiveCfg = Debug|Any CPU
		{AEBA4DFE-2297-4C4C-82CE-3C43D90B939B}.Debug|x64.Build.0 = Debug|Any CPU
		{AEBA4DFE-2297-4C4C-82CE-3C43D90B939B}.Debug|x86.ActiveCfg = Debug|Any CPU
		{AEBA4DFE-2297-4C4C-82CE-3C43D90B939B}.Debug|x86.Build.0 = Debug|Any CPU
		{AEBA4DFE-2297-4C4C-82CE-3C43D90B939B}.Release|Any CPU.ActiveCfg = Release|Any CPU
		{AEBA4DFE-2297-4C4C-82CE-3C43D90B939B}.Release|Any CPU.Build.0 = Release|Any CPU
		{AEBA4DFE-2297-4C4C-82CE-3C43D90B939B}.Release|x64.ActiveCfg = Release|Any CPU
		{AEBA4DFE-2297-4C4C-82CE-3C43D90B939B}.Release|x64.Build.0 = Release|Any CPU
		{AEBA4DFE-2297-4C4C-82CE-3C43D90B939B}.Release|x86.ActiveCfg = Release|Any CPU
		{AEBA4DFE-2297-4C4C-82CE-3C43D90B939B}.Release|x86.Build.0 = Release|Any CPU
		{C0ADBF16-3F54-4F80-B6BC-B41440F38A11}.Debug|Any CPU.ActiveCfg = Debug|Any CPU
		{C0ADBF16-3F54-4F80-B6BC-B41440F38A11}.Debug|Any CPU.Build.0 = Debug|Any CPU
		{C0ADBF16-3F54-4F80-B6BC-B41440F38A11}.Debug|x64.ActiveCfg = Debug|Any CPU
		{C0ADBF16-3F54-4F80-B6BC-B41440F38A11}.Debug|x64.Build.0 = Debug|Any CPU
		{C0ADBF16-3F54-4F80-B6BC-B41440F38A11}.Debug|x86.ActiveCfg = Debug|Any CPU
		{C0ADBF16-3F54-4F80-B6BC-B41440F38A11}.Debug|x86.Build.0 = Debug|Any CPU
		{C0ADBF16-3F54-4F80-B6BC-B41440F38A11}.Release|Any CPU.ActiveCfg = Release|Any CPU
		{C0ADBF16-3F54-4F80-B6BC-B41440F38A11}.Release|Any CPU.Build.0 = Release|Any CPU
		{C0ADBF16-3F54-4F80-B6BC-B41440F38A11}.Release|x64.ActiveCfg = Release|Any CPU
		{C0ADBF16-3F54-4F80-B6BC-B41440F38A11}.Release|x64.Build.0 = Release|Any CPU
		{C0ADBF16-3F54-4F80-B6BC-B41440F38A11}.Release|x86.ActiveCfg = Release|Any CPU
		{C0ADBF16-3F54-4F80-B6BC-B41440F38A11}.Release|x86.Build.0 = Release|Any CPU
		{5B6C6CD9-839C-45B0-BBF9-630B294E80F5}.Debug|Any CPU.ActiveCfg = Debug|Any CPU
		{5B6C6CD9-839C-45B0-BBF9-630B294E80F5}.Debug|Any CPU.Build.0 = Debug|Any CPU
		{5B6C6CD9-839C-45B0-BBF9-630B294E80F5}.Debug|x64.ActiveCfg = Debug|Any CPU
		{5B6C6CD9-839C-45B0-BBF9-630B294E80F5}.Debug|x64.Build.0 = Debug|Any CPU
		{5B6C6CD9-839C-45B0-BBF9-630B294E80F5}.Debug|x86.ActiveCfg = Debug|Any CPU
		{5B6C6CD9-839C-45B0-BBF9-630B294E80F5}.Debug|x86.Build.0 = Debug|Any CPU
		{5B6C6CD9-839C-45B0-BBF9-630B294E80F5}.Release|Any CPU.ActiveCfg = Release|Any CPU
		{5B6C6CD9-839C-45B0-BBF9-630B294E80F5}.Release|Any CPU.Build.0 = Release|Any CPU
		{5B6C6CD9-839C-45B0-BBF9-630B294E80F5}.Release|x64.ActiveCfg = Release|Any CPU
		{5B6C6CD9-839C-45B0-BBF9-630B294E80F5}.Release|x64.Build.0 = Release|Any CPU
		{5B6C6CD9-839C-45B0-BBF9-630B294E80F5}.Release|x86.ActiveCfg = Release|Any CPU
		{5B6C6CD9-839C-45B0-BBF9-630B294E80F5}.Release|x86.Build.0 = Release|Any CPU
	EndGlobalSection
	GlobalSection(SolutionProperties) = preSolution
		HideSolutionNode = FALSE
	EndGlobalSection
	GlobalSection(NestedProjects) = preSolution
		{39B1F95B-A6DF-4983-B09E-09794DBC4093} = {A4736E11-9BD1-4F2D-86D5-7A0EC74D82D9}
		{7137BB21-C80D-41C9-98C9-9772F594A3F0} = {A4736E11-9BD1-4F2D-86D5-7A0EC74D82D9}
		{090A6A4A-5711-421D-9CE1-CA43E157765B} = {A4736E11-9BD1-4F2D-86D5-7A0EC74D82D9}
		{7DA43D68-0937-4C58-942E-9CA766953CE1} = {A4736E11-9BD1-4F2D-86D5-7A0EC74D82D9}
		{96B672C7-53D3-4745-9CF9-F48E74367061} = {A4736E11-9BD1-4F2D-86D5-7A0EC74D82D9}
		{58395406-FE28-45B0-80E2-A001689FA76E} = {A4736E11-9BD1-4F2D-86D5-7A0EC74D82D9}
		{8BBD7CFD-2856-4A6F-AA83-95BF38C7F8BD} = {A4736E11-9BD1-4F2D-86D5-7A0EC74D82D9}
		{A31352CB-AE0B-40F4-91A2-BB1A569C186A} = {A4736E11-9BD1-4F2D-86D5-7A0EC74D82D9}
		{6B51B21E-D75F-4D9E-B3E9-16CE0972F801} = {A4736E11-9BD1-4F2D-86D5-7A0EC74D82D9}
		{EB870F08-025D-4AC1-9E6B-CBD9358CAA73} = {A4736E11-9BD1-4F2D-86D5-7A0EC74D82D9}
		{EA29D3D2-0340-4255-B229-58886625B5AA} = {A4736E11-9BD1-4F2D-86D5-7A0EC74D82D9}
		{A5018392-CF7A-46FD-8921-81E9CB9F0C54} = {A4736E11-9BD1-4F2D-86D5-7A0EC74D82D9}
		{9669F5B2-B4D9-415E-AAF7-84FBB92A7249} = {A4736E11-9BD1-4F2D-86D5-7A0EC74D82D9}
		{69B4F880-C0FF-4709-8D13-FD1FB4919FED} = {A4736E11-9BD1-4F2D-86D5-7A0EC74D82D9}
		{BC611BBF-CA32-4756-8C18-B191EE0D4D16} = {A4736E11-9BD1-4F2D-86D5-7A0EC74D82D9}
		{AEBA4DFE-2297-4C4C-82CE-3C43D90B939B} = {A4736E11-9BD1-4F2D-86D5-7A0EC74D82D9}
		{C0ADBF16-3F54-4F80-B6BC-B41440F38A11} = {A4736E11-9BD1-4F2D-86D5-7A0EC74D82D9}
		{5B6C6CD9-839C-45B0-BBF9-630B294E80F5} = {A4736E11-9BD1-4F2D-86D5-7A0EC74D82D9}
	EndGlobalSection
	GlobalSection(ExtensibilityGlobals) = postSolution
		SolutionGuid = {F9922A3E-0BF1-4FAE-941A-8D78AE168FB4}
	EndGlobalSection
EndGlobal
