
Microsoft Visual Studio Solution File, Format Version 12.00
# Visual Studio Version 16
VisualStudioVersion = 16.0.30114.105
MinimumVisualStudioVersion = 10.0.40219.1
Project("{FAE04EC0-301F-11D3-BF4B-00C04F79EFBC}") = "R5T.T0097", "R5T.T0097\R5T.T0097.csproj", "{E77523DE-8819-4DE0-B7F2-20A09BD47C71}"
EndProject
Project("{FAE04EC0-301F-11D3-BF4B-00C04F79EFBC}") = "R5T.T0097.Construction", "R5T.T0097.Construction\R5T.T0097.Construction.csproj", "{1D04E9D0-3387-494B-9E8D-FCA196FE8A1D}"
EndProject
Project("{FAE04EC0-301F-11D3-BF4B-00C04F79EFBC}") = "R5T.T0097.X002", "R5T.T0097.X002\R5T.T0097.X002.csproj", "{5C51845D-4980-420D-BA6B-2C195FE77241}"
EndProject
Global
	GlobalSection(SolutionConfigurationPlatforms) = preSolution
		Debug|Any CPU = Debug|Any CPU
		Debug|x64 = Debug|x64
		Debug|x86 = Debug|x86
		Release|Any CPU = Release|Any CPU
		Release|x64 = Release|x64
		Release|x86 = Release|x86
	EndGlobalSection
	GlobalSection(SolutionProperties) = preSolution
		HideSolutionNode = FALSE
	EndGlobalSection
	GlobalSection(ProjectConfigurationPlatforms) = postSolution
		{E77523DE-8819-4DE0-B7F2-20A09BD47C71}.Debug|Any CPU.ActiveCfg = Debug|Any CPU
		{E77523DE-8819-4DE0-B7F2-20A09BD47C71}.Debug|Any CPU.Build.0 = Debug|Any CPU
		{E77523DE-8819-4DE0-B7F2-20A09BD47C71}.Debug|x64.ActiveCfg = Debug|Any CPU
		{E77523DE-8819-4DE0-B7F2-20A09BD47C71}.Debug|x64.Build.0 = Debug|Any CPU
		{E77523DE-8819-4DE0-B7F2-20A09BD47C71}.Debug|x86.ActiveCfg = Debug|Any CPU
		{E77523DE-8819-4DE0-B7F2-20A09BD47C71}.Debug|x86.Build.0 = Debug|Any CPU
		{E77523DE-8819-4DE0-B7F2-20A09BD47C71}.Release|Any CPU.ActiveCfg = Release|Any CPU
		{E77523DE-8819-4DE0-B7F2-20A09BD47C71}.Release|Any CPU.Build.0 = Release|Any CPU
		{E77523DE-8819-4DE0-B7F2-20A09BD47C71}.Release|x64.ActiveCfg = Release|Any CPU
		{E77523DE-8819-4DE0-B7F2-20A09BD47C71}.Release|x64.Build.0 = Release|Any CPU
		{E77523DE-8819-4DE0-B7F2-20A09BD47C71}.Release|x86.ActiveCfg = Release|Any CPU
		{E77523DE-8819-4DE0-B7F2-20A09BD47C71}.Release|x86.Build.0 = Release|Any CPU
		{1D04E9D0-3387-494B-9E8D-FCA196FE8A1D}.Debug|Any CPU.ActiveCfg = Debug|Any CPU
		{1D04E9D0-3387-494B-9E8D-FCA196FE8A1D}.Debug|Any CPU.Build.0 = Debug|Any CPU
		{1D04E9D0-3387-494B-9E8D-FCA196FE8A1D}.Debug|x64.ActiveCfg = Debug|Any CPU
		{1D04E9D0-3387-494B-9E8D-FCA196FE8A1D}.Debug|x64.Build.0 = Debug|Any CPU
		{1D04E9D0-3387-494B-9E8D-FCA196FE8A1D}.Debug|x86.ActiveCfg = Debug|Any CPU
		{1D04E9D0-3387-494B-9E8D-FCA196FE8A1D}.Debug|x86.Build.0 = Debug|Any CPU
		{1D04E9D0-3387-494B-9E8D-FCA196FE8A1D}.Release|Any CPU.ActiveCfg = Release|Any CPU
		{1D04E9D0-3387-494B-9E8D-FCA196FE8A1D}.Release|Any CPU.Build.0 = Release|Any CPU
		{1D04E9D0-3387-494B-9E8D-FCA196FE8A1D}.Release|x64.ActiveCfg = Release|Any CPU
		{1D04E9D0-3387-494B-9E8D-FCA196FE8A1D}.Release|x64.Build.0 = Release|Any CPU
		{1D04E9D0-3387-494B-9E8D-FCA196FE8A1D}.Release|x86.ActiveCfg = Release|Any CPU
		{1D04E9D0-3387-494B-9E8D-FCA196FE8A1D}.Release|x86.Build.0 = Release|Any CPU
		{5C51845D-4980-420D-BA6B-2C195FE77241}.Debug|Any CPU.ActiveCfg = Debug|Any CPU
		{5C51845D-4980-420D-BA6B-2C195FE77241}.Debug|Any CPU.Build.0 = Debug|Any CPU
		{5C51845D-4980-420D-BA6B-2C195FE77241}.Debug|x64.ActiveCfg = Debug|Any CPU
		{5C51845D-4980-420D-BA6B-2C195FE77241}.Debug|x64.Build.0 = Debug|Any CPU
		{5C51845D-4980-420D-BA6B-2C195FE77241}.Debug|x86.ActiveCfg = Debug|Any CPU
		{5C51845D-4980-420D-BA6B-2C195FE77241}.Debug|x86.Build.0 = Debug|Any CPU
		{5C51845D-4980-420D-BA6B-2C195FE77241}.Release|Any CPU.ActiveCfg = Release|Any CPU
		{5C51845D-4980-420D-BA6B-2C195FE77241}.Release|Any CPU.Build.0 = Release|Any CPU
		{5C51845D-4980-420D-BA6B-2C195FE77241}.Release|x64.ActiveCfg = Release|Any CPU
		{5C51845D-4980-420D-BA6B-2C195FE77241}.Release|x64.Build.0 = Release|Any CPU
		{5C51845D-4980-420D-BA6B-2C195FE77241}.Release|x86.ActiveCfg = Release|Any CPU
		{5C51845D-4980-420D-BA6B-2C195FE77241}.Release|x86.Build.0 = Release|Any CPU
	EndGlobalSection
EndGlobal
